
Microsoft Visual Studio Solution File, Format Version 12.00
# Visual Studio Version 17
VisualStudioVersion = 17.14.36623.8 d17.14
MinimumVisualStudioVersion = 10.0.40219.1
Project("{FAE04EC0-301F-11D3-BF4B-00C04F79EFBC}") = "001_PortScanner", "001_PortScanner\001_PortScanner.csproj", "{2D749B96-EF66-4A3D-BEEA-69A15746D91E}"
EndProject
Global
	GlobalSection(SolutionConfigurationPlatforms) = preSolution
		Debug|Any CPU = Debug|Any CPU
		Release|Any CPU = Release|Any CPU
	EndGlobalSection
	GlobalSection(ProjectConfigurationPlatforms) = postSolution
		{2D749B96-EF66-4A3D-BEEA-69A15746D91E}.Debug|Any CPU.ActiveCfg = Debug|Any CPU
		{2D749B96-EF66-4A3D-BEEA-69A15746D91E}.Debug|Any CPU.Build.0 = Debug|Any CPU
		{2D749B96-EF66-4A3D-BEEA-69A15746D91E}.Release|Any CPU.ActiveCfg = Release|Any CPU
		{2D749B96-EF66-4A3D-BEEA-69A15746D91E}.Release|Any CPU.Build.0 = Release|Any CPU
	EndGlobalSection
	GlobalSection(SolutionProperties) = preSolution
		HideSolutionNode = FALSE
	EndGlobalSection
	GlobalSection(ExtensibilityGlobals) = postSolution
		SolutionGuid = {8DCEA1F0-B416-47C8-8685-2816B8EA7168}
	EndGlobalSection
EndGlobal
